
Microsoft Visual Studio Solution File, Format Version 12.00
# Visual Studio Version 16
VisualStudioVersion = 16.0.29806.167
MinimumVisualStudioVersion = 10.0.40219.1
Project("{8BC9CEB8-8B4A-11D0-8D11-00A0C91BC942}") = "Project13", "Project13\Project13.vcxproj", "{F1687D04-C594-4F64-A326-F02B8D4C34E4}"
EndProject
Global
	GlobalSection(SolutionConfigurationPlatforms) = preSolution
		Debug|x64 = Debug|x64
		Debug|x86 = Debug|x86
		Release|x64 = Release|x64
		Release|x86 = Release|x86
	EndGlobalSection
	GlobalSection(ProjectConfigurationPlatforms) = postSolution
		{F1687D04-C594-4F64-A326-F02B8D4C34E4}.Debug|x64.ActiveCfg = Debug|x64
		{F1687D04-C594-4F64-A326-F02B8D4C34E4}.Debug|x64.Build.0 = Debug|x64
		{F1687D04-C594-4F64-A326-F02B8D4C34E4}.Debug|x86.ActiveCfg = Debug|Win32
		{F1687D04-C594-4F64-A326-F02B8D4C34E4}.Debug|x86.Build.0 = Debug|Win32
		{F1687D04-C594-4F64-A326-F02B8D4C34E4}.Release|x64.ActiveCfg = Release|x64
		{F1687D04-C594-4F64-A326-F02B8D4C34E4}.Release|x64.Build.0 = Release|x64
		{F1687D04-C594-4F64-A326-F02B8D4C34E4}.Release|x86.ActiveCfg = Release|Win32
		{F1687D04-C594-4F64-A326-F02B8D4C34E4}.Release|x86.Build.0 = Release|Win32
	EndGlobalSection
	GlobalSection(SolutionProperties) = preSolution
		HideSolutionNode = FALSE
	EndGlobalSection
	GlobalSection(ExtensibilityGlobals) = postSolution
		SolutionGuid = {09446853-3654-4247-B22B-BDC5CED2262F}
	EndGlobalSection
EndGlobal
